// !$*UTF8*$!
{
	archiveVersion = 1;
	classes = {
	};
	objectVersion = 50;
	objects = {

/* Begin PBXBuildFile section */
		1250E80D2608B66200AD7C23 /* 3.png in Resources */ = {isa = PBXBuildFile; fileRef = 1250E8092608B66100AD7C23 /* 3.png */; };
		1250E80E2608B66200AD7C23 /* 1.png in Resources */ = {isa = PBXBuildFile; fileRef = 1250E80A2608B66100AD7C23 /* 1.png */; };
		1250E80F2608B66200AD7C23 /* 4.png in Resources */ = {isa = PBXBuildFile; fileRef = 1250E80B2608B66200AD7C23 /* 4.png */; };
		1250E8102608B66200AD7C23 /* 2.png in Resources */ = {isa = PBXBuildFile; fileRef = 1250E80C2608B66200AD7C23 /* 2.png */; };
		12B676D626077BE000336254 /* AppDelegate.swift in Sources */ = {isa = PBXBuildFile; fileRef = 12B676D526077BE000336254 /* AppDelegate.swift */; };
		12B676D826077BE000336254 /* art.scnassets in Resources */ = {isa = PBXBuildFile; fileRef = 12B676D726077BE000336254 /* art.scnassets */; };
		12B676DA26077BE000336254 /* ViewController.swift in Sources */ = {isa = PBXBuildFile; fileRef = 12B676D926077BE000336254 /* ViewController.swift */; };
		12B676DD26077BE000336254 /* Main.storyboard in Resources */ = {isa = PBXBuildFile; fileRef = 12B676DB26077BE000336254 /* Main.storyboard */; };
		12B676DF26077BE300336254 /* Assets.xcassets in Resources */ = {isa = PBXBuildFile; fileRef = 12B676DE26077BE300336254 /* Assets.xcassets */; };
		12B676E226077BE300336254 /* LaunchScreen.storyboard in Resources */ = {isa = PBXBuildFile; fileRef = 12B676E026077BE300336254 /* LaunchScreen.storyboard */; };
/* End PBXBuildFile section */

/* Begin PBXFileReference section */
		1250E8092608B66100AD7C23 /* 3.png */ = {isa = PBXFileReference; lastKnownFileType = image.png; path = 3.png; sourceTree = "<group>"; };
		1250E80A2608B66100AD7C23 /* 1.png */ = {isa = PBXFileReference; lastKnownFileType = image.png; path = 1.png; sourceTree = "<group>"; };
		1250E80B2608B66200AD7C23 /* 4.png */ = {isa = PBXFileReference; lastKnownFileType = image.png; path = 4.png; sourceTree = "<group>"; };
		1250E80C2608B66200AD7C23 /* 2.png */ = {isa = PBXFileReference; lastKnownFileType = image.png; path = 2.png; sourceTree = "<group>"; };
		12B676D226077BE000336254 /* Basketball Test.app */ = {isa = PBXFileReference; explicitFileType = wrapper.application; includeInIndex = 0; path = "Basketball Test.app"; sourceTree = BUILT_PRODUCTS_DIR; };
		12B676D526077BE000336254 /* AppDelegate.swift */ = {isa = PBXFileReference; lastKnownFileType = sourcecode.swift; path = AppDelegate.swift; sourceTree = "<group>"; };
		12B676D726077BE000336254 /* art.scnassets */ = {isa = PBXFileReference; lastKnownFileType = wrapper.scnassets; path = art.scnassets; sourceTree = "<group>"; };
		12B676D926077BE000336254 /* ViewController.swift */ = {isa = PBXFileReference; lastKnownFileType = sourcecode.swift; path = ViewController.swift; sourceTree = "<group>"; };
		12B676DC26077BE000336254 /* Base */ = {isa = PBXFileReference; lastKnownFileType = file.storyboard; name = Base; path = Base.lproj/Main.storyboard; sourceTree = "<group>"; };
		12B676DE26077BE300336254 /* Assets.xcassets */ = {isa = PBXFileReference; lastKnownFileType = folder.assetcatalog; path = Assets.xcassets; sourceTree = "<group>"; };
		12B676E126077BE300336254 /* Base */ = {isa = PBXFileReference; lastKnownFileType = file.storyboard; name = Base; path = Base.lproj/LaunchScreen.storyboard; sourceTree = "<group>"; };
		12B676E326077BE300336254 /* Info.plist */ = {isa = PBXFileReference; lastKnownFileType = text.plist.xml; path = Info.plist; sourceTree = "<group>"; };
/* End PBXFileReference section */

/* Begin PBXFrameworksBuildPhase section */
		12B676CF26077BE000336254 /* Frameworks */ = {
			isa = PBXFrameworksBuildPhase;
			buildActionMask = 2147483647;
			files = (
			);
			runOnlyForDeploymentPostprocessing = 0;
		};
/* End PBXFrameworksBuildPhase section */

/* Begin PBXGroup section */
		1250E8082608B64A00AD7C23 /* Screenshots */ = {
			isa = PBXGroup;
			children = (
				1250E80A2608B66100AD7C23 /* 1.png */,
				1250E80C2608B66200AD7C23 /* 2.png */,
				1250E8092608B66100AD7C23 /* 3.png */,
				1250E80B2608B66200AD7C23 /* 4.png */,
			);
			path = Screenshots;
			sourceTree = "<group>";
		};
		12B676C926077BE000336254 = {
			isa = PBXGroup;
			children = (
				12B676D426077BE000336254 /* Basketball Test */,
				12B676D326077BE000336254 /* Products */,
			);
			sourceTree = "<group>";
		};
		12B676D326077BE000336254 /* Products */ = {
			isa = PBXGroup;
			children = (
				12B676D226077BE000336254 /* Basketball Test.app */,
			);
			name = Products;
			sourceTree = "<group>";
		};
		12B676D426077BE000336254 /* Basketball Test */ = {
			isa = PBXGroup;
			children = (
				1250E8082608B64A00AD7C23 /* Screenshots */,
				12B676D526077BE000336254 /* AppDelegate.swift */,
				12B676D726077BE000336254 /* art.scnassets */,
				12B676D926077BE000336254 /* ViewController.swift */,
				12B676DB26077BE000336254 /* Main.storyboard */,
				12B676DE26077BE300336254 /* Assets.xcassets */,
				12B676E026077BE300336254 /* LaunchScreen.storyboard */,
				12B676E326077BE300336254 /* Info.plist */,
			);
			path = "Basketball Test";
			sourceTree = "<group>";
		};
/* End PBXGroup section */

/* Begin PBXNativeTarget section */
		12B676D126077BE000336254 /* Basketball Test */ = {
			isa = PBXNativeTarget;
			buildConfigurationList = 12B676E626077BE300336254 /* Build configuration list for PBXNativeTarget "Basketball Test" */;
			buildPhases = (
				12B676CE26077BE000336254 /* Sources */,
				12B676CF26077BE000336254 /* Frameworks */,
				12B676D026077BE000336254 /* Resources */,
			);
			buildRules = (
			);
			dependencies = (
			);
			name = "Basketball Test";
			productName = "Basketball Test";
			productReference = 12B676D226077BE000336254 /* Basketball Test.app */;
			productType = "com.apple.product-type.application";
		};
/* End PBXNativeTarget section */

/* Begin PBXProject section */
		12B676CA26077BE000336254 /* Project object */ = {
			isa = PBXProject;
			attributes = {
				LastSwiftUpdateCheck = 1240;
				LastUpgradeCheck = 1240;
				TargetAttributes = {
					12B676D126077BE000336254 = {
						CreatedOnToolsVersion = 12.4;
					};
				};
			};
			buildConfigurationList = 12B676CD26077BE000336254 /* Build configuration list for PBXProject "Basketball Test" */;
			compatibilityVersion = "Xcode 9.3";
			developmentRegion = en;
			hasScannedForEncodings = 0;
			knownRegions = (
				en,
				Base,
			);
			mainGroup = 12B676C926077BE000336254;
			productRefGroup = 12B676D326077BE000336254 /* Products */;
			projectDirPath = "";
			projectRoot = "";
			targets = (
				12B676D126077BE000336254 /* Basketball Test */,
			);
		};
/* End PBXProject section */

/* Begin PBXResourcesBuildPhase section */
		12B676D026077BE000336254 /* Resources */ = {
			isa = PBXResourcesBuildPhase;
			buildActionMask = 2147483647;
			files = (
				12B676D826077BE000336254 /* art.scnassets in Resources */,
				12B676E226077BE300336254 /* LaunchScreen.storyboard in Resources */,
				1250E8102608B66200AD7C23 /* 2.png in Resources */,
				12B676DF26077BE300336254 /* Assets.xcassets in Resources */,
				1250E80E2608B66200AD7C23 /* 1.png in Resources */,
				1250E80F2608B66200AD7C23 /* 4.png in Resources */,
				1250E80D2608B66200AD7C23 /* 3.png in Resources */,
				12B676DD26077BE000336254 /* Main.storyboard in Resources */,
			);
			runOnlyForDeploymentPostprocessing = 0;
		};
/* End PBXResourcesBuildPhase section */

/* Begin PBXSourcesBuildPhase section */
		12B676CE26077BE000336254 /* Sources */ = {
			isa = PBXSourcesBuildPhase;
			buildActionMask = 2147483647;
			files = (
				12B676DA26077BE000336254 /* ViewController.swift in Sources */,
				12B676D626077BE000336254 /* AppDelegate.swift in Sources */,
			);
			runOnlyForDeploymentPostprocessing = 0;
		};
/* End PBXSourcesBuildPhase section */

/* Begin PBXVariantGroup section */
		12B676DB26077BE000336254 /* Main.storyboard */ = {
			isa = PBXVariantGroup;
			children = (
				12B676DC26077BE000336254 /* Base */,
			);
			name = Main.storyboard;
			sourceTree = "<group>";
		};
		12B676E026077BE300336254 /* LaunchScreen.storyboard */ = {
			isa = PBXVariantGroup;
			children = (
				12B676E126077BE300336254 /* Base */,
			);
			name = LaunchScreen.storyboard;
			sourceTree = "<group>";
		};
/* End PBXVariantGroup section */

/* Begin XCBuildConfiguration section */
		12B676E426077BE300336254 /* Debug */ = {
			isa = XCBuildConfiguration;
			buildSettings = {
				ALWAYS_SEARCH_USER_PATHS = NO;
				CLANG_ANALYZER_NONNULL = YES;
				CLANG_ANALYZER_NUMBER_OBJECT_CONVERSION = YES_AGGRESSIVE;
				CLANG_CXX_LANGUAGE_STANDARD = "gnu++14";
				CLANG_CXX_LIBRARY = "libc++";
				CLANG_ENABLE_MODULES = YES;
				CLANG_ENABLE_OBJC_ARC = YES;
				CLANG_ENABLE_OBJC_WEAK = YES;
				CLANG_WARN_BLOCK_CAPTURE_AUTORELEASING = YES;
				CLANG_WARN_BOOL_CONVERSION = YES;
				CLANG_WARN_COMMA = YES;
				CLANG_WARN_CONSTANT_CONVERSION = YES;
				CLANG_WARN_DEPRECATED_OBJC_IMPLEMENTATIONS = YES;
				CLANG_WARN_DIRECT_OBJC_ISA_USAGE = YES_ERROR;
				CLANG_WARN_DOCUMENTATION_COMMENTS = YES;
				CLANG_WARN_EMPTY_BODY = YES;
				CLANG_WARN_ENUM_CONVERSION = YES;
				CLANG_WARN_INFINITE_RECURSION = YES;
				CLANG_WARN_INT_CONVERSION = YES;
				CLANG_WARN_NON_LITERAL_NULL_CONVERSION = YES;
				CLANG_WARN_OBJC_IMPLICIT_RETAIN_SELF = YES;
				CLANG_WARN_OBJC_LITERAL_CONVERSION = YES;
				CLANG_WARN_OBJC_ROOT_CLASS = YES_ERROR;
				CLANG_WARN_QUOTED_INCLUDE_IN_FRAMEWORK_HEADER = YES;
				CLANG_WARN_RANGE_LOOP_ANALYSIS = YES;
				CLANG_WARN_STRICT_PROTOTYPES = YES;
				CLANG_WARN_SUSPICIOUS_MOVE = YES;
				CLANG_WARN_UNGUARDED_AVAILABILITY = YES_AGGRESSIVE;
				CLANG_WARN_UNREACHABLE_CODE = YES;
				CLANG_WARN__DUPLICATE_METHOD_MATCH = YES;
				COPY_PHASE_STRIP = NO;
				DEBUG_INFORMATION_FORMAT = dwarf;
				ENABLE_STRICT_OBJC_MSGSEND = YES;
				ENABLE_TESTABILITY = YES;
				GCC_C_LANGUAGE_STANDARD = gnu11;
				GCC_DYNAMIC_NO_PIC = NO;
				GCC_NO_COMMON_BLOCKS = YES;
				GCC_OPTIMIZATION_LEVEL = 0;
				GCC_PREPROCESSOR_DEFINITIONS = (
					"DEBUG=1",
					"$(inherited)",
				);
				GCC_WARN_64_TO_32_BIT_CONVERSION = YES;
				GCC_WARN_ABOUT_RETURN_TYPE = YES_ERROR;
				GCC_WARN_UNDECLARED_SELECTOR = YES;
				GCC_WARN_UNINITIALIZED_AUTOS = YES_AGGRESSIVE;
				GCC_WARN_UNUSED_FUNCTION = YES;
				GCC_WARN_UNUSED_VARIABLE = YES;
				IPHONEOS_DEPLOYMENT_TARGET = 14.4;
				MTL_ENABLE_DEBUG_INFO = INCLUDE_SOURCE;
				MTL_FAST_MATH = YES;
				ONLY_ACTIVE_ARCH = YES;
				SDKROOT = iphoneos;
				SWIFT_ACTIVE_COMPILATION_CONDITIONS = DEBUG;
				SWIFT_OPTIMIZATION_LEVEL = "-Onone";
			};
			name = Debug;
		};
		12B676E526077BE300336254 /* Release */ = {
			isa = XCBuildConfiguration;
			buildSettings = {
				ALWAYS_SEARCH_USER_PATHS = NO;
				CLANG_ANALYZER_NONNULL = YES;
				CLANG_ANALYZER_NUMBER_OBJECT_CONVERSION = YES_AGGRESSIVE;
				CLANG_CXX_LANGUAGE_STANDARD = "gnu++14";
				CLANG_CXX_LIBRARY = "libc++";
				CLANG_ENABLE_MODULES = YES;
				CLANG_ENABLE_OBJC_ARC = YES;
				CLANG_ENABLE_OBJC_WEAK = YES;
				CLANG_WARN_BLOCK_CAPTURE_AUTORELEASING = YES;
				CLANG_WARN_BOOL_CONVERSION = YES;
				CLANG_WARN_COMMA = YES;
				CLANG_WARN_CONSTANT_CONVERSION = YES;
				CLANG_WARN_DEPRECATED_OBJC_IMPLEMENTATIONS = YES;
				CLANG_WARN_DIRECT_OBJC_ISA_USAGE = YES_ERROR;
				CLANG_WARN_DOCUMENTATION_COMMENTS = YES;
				CLANG_WARN_EMPTY_BODY = YES;
				CLANG_WARN_ENUM_CONVERSION = YES;
				CLANG_WARN_INFINITE_RECURSION = YES;
				CLANG_WARN_INT_CONVERSION = YES;
				CLANG_WARN_NON_LITERAL_NULL_CONVERSION = YES;
				CLANG_WARN_OBJC_IMPLICIT_RETAIN_SELF = YES;
				CLANG_WARN_OBJC_LITERAL_CONVERSION = YES;
				CLANG_WARN_OBJC_ROOT_CLASS = YES_ERROR;
				CLANG_WARN_QUOTED_INCLUDE_IN_FRAMEWORK_HEADER = YES;
				CLANG_WARN_RANGE_LOOP_ANALYSIS = YES;
				CLANG_WARN_STRICT_PROTOTYPES = YES;
				CLANG_WARN_SUSPICIOUS_MOVE = YES;
				CLANG_WARN_UNGUARDED_AVAILABILITY = YES_AGGRESSIVE;
				CLANG_WARN_UNREACHABLE_CODE = YES;
				CLANG_WARN__DUPLICATE_METHOD_MATCH = YES;
				COPY_PHASE_STRIP = NO;
				DEBUG_INFORMATION_FORMAT = "dwarf-with-dsym";
				ENABLE_NS_ASSERTIONS = NO;
				ENABLE_STRICT_OBJC_MSGSEND = YES;
				GCC_C_LANGUAGE_STANDARD = gnu11;
				GCC_NO_COMMON_BLOCKS = YES;
				GCC_WARN_64_TO_32_BIT_CONVERSION = YES;
				GCC_WARN_ABOUT_RETURN_TYPE = YES_ERROR;
				GCC_WARN_UNDECLARED_SELECTOR = YES;
				GCC_WARN_UNINITIALIZED_AUTOS = YES_AGGRESSIVE;
				GCC_WARN_UNUSED_FUNCTION = YES;
				GCC_WARN_UNUSED_VARIABLE = YES;
				IPHONEOS_DEPLOYMENT_TARGET = 14.4;
				MTL_ENABLE_DEBUG_INFO = NO;
				MTL_FAST_MATH = YES;
				SDKROOT = iphoneos;
				SWIFT_COMPILATION_MODE = wholemodule;
				SWIFT_OPTIMIZATION_LEVEL = "-O";
				VALIDATE_PRODUCT = YES;
			};
			name = Release;
		};
		12B676E726077BE300336254 /* Debug */ = {
			isa = XCBuildConfiguration;
			buildSettings = {
				ASSETCATALOG_COMPILER_APPICON_NAME = AppIcon;
				ASSETCATALOG_COMPILER_GLOBAL_ACCENT_COLOR_NAME = AccentColor;
				CODE_SIGN_STYLE = Automatic;
				DEVELOPMENT_TEAM = N46BF4X43P;
				INFOPLIST_FILE = "Basketball Test/Info.plist";
				IPHONEOS_DEPLOYMENT_TARGET = 13.6;
				LD_RUNPATH_SEARCH_PATHS = (
					"$(inherited)",
					"@executable_path/Frameworks",
				);
				PRODUCT_BUNDLE_IDENTIFIER = "ru.concept360.Basketball-Test";
				PRODUCT_NAME = "$(TARGET_NAME)";
				SWIFT_VERSION = 5.0;
				TARGETED_DEVICE_FAMILY = "1,2";
			};
			name = Debug;
		};
		12B676E826077BE300336254 /* Release */ = {
			isa = XCBuildConfiguration;
			buildSettings = {
				ASSETCATALOG_COMPILER_APPICON_NAME = AppIcon;
				ASSETCATALOG_COMPILER_GLOBAL_ACCENT_COLOR_NAME = AccentColor;
				CODE_SIGN_STYLE = Automatic;
				DEVELOPMENT_TEAM = N46BF4X43P;
				INFOPLIST_FILE = "Basketball Test/Info.plist";
				IPHONEOS_DEPLOYMENT_TARGET = 13.6;
				LD_RUNPATH_SEARCH_PATHS = (
					"$(inherited)",
					"@executable_path/Frameworks",
				);
				PRODUCT_BUNDLE_IDENTIFIER = "ru.concept360.Basketball-Test";
				PRODUCT_NAME = "$(TARGET_NAME)";
				SWIFT_VERSION = 5.0;
				TARGETED_DEVICE_FAMILY = "1,2";
			};
			name = Release;
		};
/* End XCBuildConfiguration section */

/* Begin XCConfigurationList section */
		12B676CD26077BE000336254 /* Build configuration list for PBXProject "Basketball Test" */ = {
			isa = XCConfigurationList;
			buildConfigurations = (
				12B676E426077BE300336254 /* Debug */,
				12B676E526077BE300336254 /* Release */,
			);
			defaultConfigurationIsVisible = 0;
			defaultConfigurationName = Release;
		};
		12B676E626077BE300336254 /* Build configuration list for PBXNativeTarget "Basketball Test" */ = {
			isa = XCConfigurationList;
			buildConfigurations = (
				12B676E726077BE300336254 /* Debug */,
				12B676E826077BE300336254 /* Release */,
			);
			defaultConfigurationIsVisible = 0;
			defaultConfigurationName = Release;
		};
/* End XCConfigurationList section */
	};
	rootObject = 12B676CA26077BE000336254 /* Project object */;
}
